
Microsoft Visual Studio Solution File, Format Version 12.00
# Visual Studio Version 17
VisualStudioVersion = 17.0.31919.166
MinimumVisualStudioVersion = 10.0.40219.1
Project("{FAE04EC0-301F-11D3-BF4B-00C04F79EFBC}") = "Lekcja13 - powtórka", "Lekcja13\Lekcja13 - powtórka.csproj", "{93CC394E-8163-42CB-9B2C-6BB154CCA4C6}"
EndProject
Project("{FAE04EC0-301F-11D3-BF4B-00C04F79EFBC}") = "Projekt_kółko_krzyżyk", "Projekt_kółko_krzyżyk\Projekt_kółko_krzyżyk.csproj", "{50F3EB4A-A801-4ED7-9C01-73517E8DD325}"
EndProject
Global
	GlobalSection(SolutionConfigurationPlatforms) = preSolution
		Debug|Any CPU = Debug|Any CPU
		Release|Any CPU = Release|Any CPU
	EndGlobalSection
	GlobalSection(ProjectConfigurationPlatforms) = postSolution
		{93CC394E-8163-42CB-9B2C-6BB154CCA4C6}.Debug|Any CPU.ActiveCfg = Debug|Any CPU
		{93CC394E-8163-42CB-9B2C-6BB154CCA4C6}.Debug|Any CPU.Build.0 = Debug|Any CPU
		{93CC394E-8163-42CB-9B2C-6BB154CCA4C6}.Release|Any CPU.ActiveCfg = Release|Any CPU
		{93CC394E-8163-42CB-9B2C-6BB154CCA4C6}.Release|Any CPU.Build.0 = Release|Any CPU
		{50F3EB4A-A801-4ED7-9C01-73517E8DD325}.Debug|Any CPU.ActiveCfg = Debug|Any CPU
		{50F3EB4A-A801-4ED7-9C01-73517E8DD325}.Debug|Any CPU.Build.0 = Debug|Any CPU
		{50F3EB4A-A801-4ED7-9C01-73517E8DD325}.Release|Any CPU.ActiveCfg = Release|Any CPU
		{50F3EB4A-A801-4ED7-9C01-73517E8DD325}.Release|Any CPU.Build.0 = Release|Any CPU
	EndGlobalSection
	GlobalSection(SolutionProperties) = preSolution
		HideSolutionNode = FALSE
	EndGlobalSection
	GlobalSection(ExtensibilityGlobals) = postSolution
		SolutionGuid = {354C7D18-90A0-4A6C-9983-B15369AD8FB4}
	EndGlobalSection
EndGlobal
